
Microsoft Visual Studio Solution File, Format Version 12.00
# Visual Studio Version 17
VisualStudioVersion = 17.7.34221.43
MinimumVisualStudioVersion = 10.0.40219.1
Project("{FAE04EC0-301F-11D3-BF4B-00C04F79EFBC}") = "TIMUR_DUBLON_BOT", "TIMUR_DUBLON_BOT\TIMUR_DUBLON_BOT.csproj", "{D6181586-ECE3-4300-BBC1-B0A39579B632}"
EndProject
Global
	GlobalSection(SolutionConfigurationPlatforms) = preSolution
		Debug|Any CPU = Debug|Any CPU
		Release|Any CPU = Release|Any CPU
	EndGlobalSection
	GlobalSection(ProjectConfigurationPlatforms) = postSolution
		{D6181586-ECE3-4300-BBC1-B0A39579B632}.Debug|Any CPU.ActiveCfg = Debug|Any CPU
		{D6181586-ECE3-4300-BBC1-B0A39579B632}.Debug|Any CPU.Build.0 = Debug|Any CPU
		{D6181586-ECE3-4300-BBC1-B0A39579B632}.Release|Any CPU.ActiveCfg = Release|Any CPU
		{D6181586-ECE3-4300-BBC1-B0A39579B632}.Release|Any CPU.Build.0 = Release|Any CPU
	EndGlobalSection
	GlobalSection(SolutionProperties) = preSolution
